
Microsoft Visual Studio Solution File, Format Version 12.00
# Visual Studio Version 17
VisualStudioVersion = 17.14.36202.13 d17.14
MinimumVisualStudioVersion = 10.0.40219.1
Project("{FAE04EC0-301F-11D3-BF4B-00C04F79EFBC}") = "MemoQOllamaPlugin", "MemoQOllamaPlugin.csproj", "{5D43136A-8324-3C24-3557-E20B9AD89756}"
EndProject
Global
	GlobalSection(SolutionConfigurationPlatforms) = preSolution
		Debug|Any CPU = Debug|Any CPU
	EndGlobalSection
	GlobalSection(ProjectConfigurationPlatforms) = postSolution
		{5D43136A-8324-3C24-3557-E20B9AD89756}.Debug|Any CPU.ActiveCfg = Debug|Any CPU
		{5D43136A-8324-3C24-3557-E20B9AD89756}.Debug|Any CPU.Build.0 = Debug|Any CPU
	EndGlobalSection
	GlobalSection(SolutionProperties) = preSolution
		HideSolutionNode = FALSE
	EndGlobalSection
	GlobalSection(ExtensibilityGlobals) = postSolution
		SolutionGuid = {9C0E3EF9-3DC3-42A0-AB27-45A94433395C}
	EndGlobalSection
EndGlobal
